
Microsoft Visual Studio Solution File, Format Version 12.00
# Visual Studio Version 16
VisualStudioVersion = 16.0.29613.14
MinimumVisualStudioVersion = 10.0.40219.1
Project("{FAE04EC0-301F-11D3-BF4B-00C04F79EFBC}") = "Oppimistehtava9", "Oppimistehtava9\Oppimistehtava9.csproj", "{40B62B0D-968E-4347-A550-B5DBBE6C88A0}"
EndProject
Global
	GlobalSection(SolutionConfigurationPlatforms) = preSolution
		Debug|Any CPU = Debug|Any CPU
		Release|Any CPU = Release|Any CPU
	EndGlobalSection
	GlobalSection(ProjectConfigurationPlatforms) = postSolution
		{40B62B0D-968E-4347-A550-B5DBBE6C88A0}.Debug|Any CPU.ActiveCfg = Debug|Any CPU
		{40B62B0D-968E-4347-A550-B5DBBE6C88A0}.Debug|Any CPU.Build.0 = Debug|Any CPU
		{40B62B0D-968E-4347-A550-B5DBBE6C88A0}.Release|Any CPU.ActiveCfg = Release|Any CPU
		{40B62B0D-968E-4347-A550-B5DBBE6C88A0}.Release|Any CPU.Build.0 = Release|Any CPU
	EndGlobalSection
	GlobalSection(SolutionProperties) = preSolution
		HideSolutionNode = FALSE
	EndGlobalSection
	GlobalSection(ExtensibilityGlobals) = postSolution
		SolutionGuid = {276EFAA6-9AAB-4735-B8D7-BB43ABBEA145}
	EndGlobalSection
EndGlobal
